// !$*UTF8*$!
{
	archiveVersion = 1;
	classes = {
	};
	objectVersion = 46;
	objects = {

/* Begin PBXBuildFile section */
		2209CF2C187F388D0023FBF4 /* AsyncSocket.m in Sources */ = {isa = PBXBuildFile; fileRef = 2209CF25187F388D0023FBF4 /* AsyncSocket.m */; };
		2209CF2D187F388D0023FBF4 /* AsyncUdpSocket.m in Sources */ = {isa = PBXBuildFile; fileRef = 2209CF27187F388D0023FBF4 /* AsyncUdpSocket.m */; };
		2209CF2E187F388D0023FBF4 /* GCDAsyncSocket.m in Sources */ = {isa = PBXBuildFile; fileRef = 2209CF29187F388D0023FBF4 /* GCDAsyncSocket.m */; };
		2209CF2F187F388D0023FBF4 /* GCDAsyncUdpSocket.m in Sources */ = {isa = PBXBuildFile; fileRef = 2209CF2B187F388D0023FBF4 /* GCDAsyncUdpSocket.m */; };
		2209CF34187F389B0023FBF4 /* Channel.m in Sources */ = {isa = PBXBuildFile; fileRef = 2209CF31187F389B0023FBF4 /* Channel.m */; };
		2209CF35187F389B0023FBF4 /* Event.m in Sources */ = {isa = PBXBuildFile; fileRef = 2209CF33187F389B0023FBF4 /* Event.m */; };
		223B32041868B56900A30749 /* EventDispatcher.m in Sources */ = {isa = PBXBuildFile; fileRef = 223B32031868B56900A30749 /* EventDispatcher.m */; };
		223B321D1869019100A30749 /* XCTest.framework in Frameworks */ = {isa = PBXBuildFile; fileRef = 223B321C1869019100A30749 /* XCTest.framework */; };
		223B3225186902DC00A30749 /* XCTest.framework in Frameworks */ = {isa = PBXBuildFile; fileRef = 223B321C1869019100A30749 /* XCTest.framework */; };
		223B3226186902DC00A30749 /* Foundation.framework in Frameworks */ = {isa = PBXBuildFile; fileRef = 474BA96517E4243F003C42CF /* Foundation.framework */; };
		223B3227186902DC00A30749 /* UIKit.framework in Frameworks */ = {isa = PBXBuildFile; fileRef = 47A9012417E8046000EBE6A3 /* UIKit.framework */; };
		223B322D186902DC00A30749 /* InfoPlist.strings in Resources */ = {isa = PBXBuildFile; fileRef = 223B322B186902DC00A30749 /* InfoPlist.strings */; };
		223B322F186902DC00A30749 /* Iircutils_Tests.m in Sources */ = {isa = PBXBuildFile; fileRef = 223B322E186902DC00A30749 /* Iircutils_Tests.m */; };
		223B32371869032C00A30749 /* ConnectionTest.m in Sources */ = {isa = PBXBuildFile; fileRef = 223B32361869032C00A30749 /* ConnectionTest.m */; };
		2263831A186F74C200400F2D /* SimpleClientTest.m in Sources */ = {isa = PBXBuildFile; fileRef = 22638319186F74C200400F2D /* SimpleClientTest.m */; };
		226BE962186CD551006B91B3 /* Connection.m in Sources */ = {isa = PBXBuildFile; fileRef = 474BA98D17E42717003C42CF /* Connection.m */; };
		226BE964186CD59D006B91B3 /* Protocol.m in Sources */ = {isa = PBXBuildFile; fileRef = 474BA99517E42717003C42CF /* Protocol.m */; };
		226BE965186CD5AC006B91B3 /* IRCData.m in Sources */ = {isa = PBXBuildFile; fileRef = 4749C73717E51F4900EE09A1 /* IRCData.m */; };
		22B59F3718779A9F00AE6479 /* NSString+Utils.m in Sources */ = {isa = PBXBuildFile; fileRef = 22B59F3618779A9F00AE6479 /* NSString+Utils.m */; };
		4749C72717E5176700EE09A1 /* CFNetwork.framework in Frameworks */ = {isa = PBXBuildFile; fileRef = 4749C72617E5176700EE09A1 /* CFNetwork.framework */; };
		4749C73617E51DC600EE09A1 /* SenTestingKit.framework in Frameworks */ = {isa = PBXBuildFile; fileRef = 4749C73517E51DC600EE09A1 /* SenTestingKit.framework */; };
		4749C73917E51F4900EE09A1 /* IRCData.m in Sources */ = {isa = PBXBuildFile; fileRef = 4749C73717E51F4900EE09A1 /* IRCData.m */; };
		4749C73D17E5409500EE09A1 /* EventListener.m in Sources */ = {isa = PBXBuildFile; fileRef = 4749C73C17E5409500EE09A1 /* EventListener.m */; };
		4749C74017E540CE00EE09A1 /* MessageListener.m in Sources */ = {isa = PBXBuildFile; fileRef = 4749C73F17E540CE00EE09A1 /* MessageListener.m */; };
		4749C74617E5414400EE09A1 /* CTCPListener.m in Sources */ = {isa = PBXBuildFile; fileRef = 4749C74517E5414400EE09A1 /* CTCPListener.m */; };
		4749C74917E5416B00EE09A1 /* ReplyListener.m in Sources */ = {isa = PBXBuildFile; fileRef = 4749C74817E5416B00EE09A1 /* ReplyListener.m */; };
		474BA96617E4243F003C42CF /* Foundation.framework in Frameworks */ = {isa = PBXBuildFile; fileRef = 474BA96517E4243F003C42CF /* Foundation.framework */; };
		474BA96B17E4243F003C42CF /* Iircutils.h in CopyFiles */ = {isa = PBXBuildFile; fileRef = 474BA96A17E4243F003C42CF /* Iircutils.h */; };
		474BA96D17E4243F003C42CF /* Iircutils.m in Sources */ = {isa = PBXBuildFile; fileRef = 474BA96C17E4243F003C42CF /* Iircutils.m */; };
		474BA99817E42717003C42CF /* Connection.m in Sources */ = {isa = PBXBuildFile; fileRef = 474BA98D17E42717003C42CF /* Connection.m */; };
		474BA99917E42717003C42CF /* CTCP.m in Sources */ = {isa = PBXBuildFile; fileRef = 474BA98F17E42717003C42CF /* CTCP.m */; };
		474BA99B17E42717003C42CF /* Format.m in Sources */ = {isa = PBXBuildFile; fileRef = 474BA99317E42717003C42CF /* Format.m */; };
		474BA99C17E42717003C42CF /* Protocol.m in Sources */ = {isa = PBXBuildFile; fileRef = 474BA99517E42717003C42CF /* Protocol.m */; };
		474BA99D17E42717003C42CF /* Response.m in Sources */ = {isa = PBXBuildFile; fileRef = 474BA99717E42717003C42CF /* Response.m */; };
		474BA9A317E4271E003C42CF /* SimpleBot.m in Sources */ = {isa = PBXBuildFile; fileRef = 474BA9A017E4271E003C42CF /* SimpleBot.m */; };
		474BA9A417E4271E003C42CF /* SimpleClient.m in Sources */ = {isa = PBXBuildFile; fileRef = 474BA9A217E4271E003C42CF /* SimpleClient.m */; };
/* End PBXBuildFile section */

/* Begin PBXContainerItemProxy section */
		223B3231186902DC00A30749 /* PBXContainerItemProxy */ = {
			isa = PBXContainerItemProxy;
			containerPortal = 474BA95A17E4243F003C42CF /* Project object */;
			proxyType = 1;
			remoteGlobalIDString = 474BA96117E4243F003C42CF;
			remoteInfo = Iircutils;
		};
/* End PBXContainerItemProxy section */

/* Begin PBXCopyFilesBuildPhase section */
		474BA96017E4243F003C42CF /* CopyFiles */ = {
			isa = PBXCopyFilesBuildPhase;
			buildActionMask = 2147483647;
			dstPath = "include/${PRODUCT_NAME}";
			dstSubfolderSpec = 16;
			files = (
				474BA96B17E4243F003C42CF /* Iircutils.h in CopyFiles */,
			);
			runOnlyForDeploymentPostprocessing = 0;
		};
/* End PBXCopyFilesBuildPhase section */

/* Begin PBXFileReference section */
		2209CF24187F388D0023FBF4 /* AsyncSocket.h */ = {isa = PBXFileReference; fileEncoding = 4; lastKnownFileType = sourcecode.c.h; name = AsyncSocket.h; path = AsyncSocket/AsyncSocket.h; sourceTree = "<group>"; };
		2209CF25187F388D0023FBF4 /* AsyncSocket.m */ = {isa = PBXFileReference; fileEncoding = 4; lastKnownFileType = sourcecode.c.objc; name = AsyncSocket.m; path = AsyncSocket/AsyncSocket.m; sourceTree = "<group>"; };
		2209CF26187F388D0023FBF4 /* AsyncUdpSocket.h */ = {isa = PBXFileReference; fileEncoding = 4; lastKnownFileType = sourcecode.c.h; name = AsyncUdpSocket.h; path = AsyncSocket/AsyncUdpSocket.h; sourceTree = "<group>"; };
		2209CF27187F388D0023FBF4 /* AsyncUdpSocket.m */ = {isa = PBXFileReference; fileEncoding = 4; lastKnownFileType = sourcecode.c.objc; name = AsyncUdpSocket.m; path = AsyncSocket/AsyncUdpSocket.m; sourceTree = "<group>"; };
		2209CF28187F388D0023FBF4 /* GCDAsyncSocket.h */ = {isa = PBXFileReference; fileEncoding = 4; lastKnownFileType = sourcecode.c.h; name = GCDAsyncSocket.h; path = AsyncSocket/GCDAsyncSocket.h; sourceTree = "<group>"; };
		2209CF29187F388D0023FBF4 /* GCDAsyncSocket.m */ = {isa = PBXFileReference; fileEncoding = 4; lastKnownFileType = sourcecode.c.objc; name = GCDAsyncSocket.m; path = AsyncSocket/GCDAsyncSocket.m; sourceTree = "<group>"; };
		2209CF2A187F388D0023FBF4 /* GCDAsyncUdpSocket.h */ = {isa = PBXFileReference; fileEncoding = 4; lastKnownFileType = sourcecode.c.h; name = GCDAsyncUdpSocket.h; path = AsyncSocket/GCDAsyncUdpSocket.h; sourceTree = "<group>"; };
		2209CF2B187F388D0023FBF4 /* GCDAsyncUdpSocket.m */ = {isa = PBXFileReference; fileEncoding = 4; lastKnownFileType = sourcecode.c.objc; name = GCDAsyncUdpSocket.m; path = AsyncSocket/GCDAsyncUdpSocket.m; sourceTree = "<group>"; };
		2209CF30187F389B0023FBF4 /* Channel.h */ = {isa = PBXFileReference; fileEncoding = 4; lastKnownFileType = sourcecode.c.h; name = Channel.h; path = Models/Channel.h; sourceTree = "<group>"; };
		2209CF31187F389B0023FBF4 /* Channel.m */ = {isa = PBXFileReference; fileEncoding = 4; lastKnownFileType = sourcecode.c.objc; name = Channel.m; path = Models/Channel.m; sourceTree = "<group>"; };
		2209CF32187F389B0023FBF4 /* Event.h */ = {isa = PBXFileReference; fileEncoding = 4; lastKnownFileType = sourcecode.c.h; name = Event.h; path = Models/Event.h; sourceTree = "<group>"; };
		2209CF33187F389B0023FBF4 /* Event.m */ = {isa = PBXFileReference; fileEncoding = 4; lastKnownFileType = sourcecode.c.objc; name = Event.m; path = Models/Event.m; sourceTree = "<group>"; };
		223B32021868B56900A30749 /* EventDispatcher.h */ = {isa = PBXFileReference; fileEncoding = 4; lastKnownFileType = sourcecode.c.h; name = EventDispatcher.h; path = Handlers/EventDispatcher.h; sourceTree = "<group>"; };
		223B32031868B56900A30749 /* EventDispatcher.m */ = {isa = PBXFileReference; fileEncoding = 4; lastKnownFileType = sourcecode.c.objc; name = EventDispatcher.m; path = Handlers/EventDispatcher.m; sourceTree = "<group>"; };
		223B321C1869019100A30749 /* XCTest.framework */ = {isa = PBXFileReference; lastKnownFileType = wrapper.framework; name = XCTest.framework; path = Library/Frameworks/XCTest.framework; sourceTree = DEVELOPER_DIR; };
		223B3224186902DC00A30749 /* Iircutils Tests.xctest */ = {isa = PBXFileReference; explicitFileType = wrapper.cfbundle; includeInIndex = 0; path = "Iircutils Tests.xctest"; sourceTree = BUILT_PRODUCTS_DIR; };
		223B322A186902DC00A30749 /* Iircutils Tests-Info.plist */ = {isa = PBXFileReference; lastKnownFileType = text.plist.xml; path = "Iircutils Tests-Info.plist"; sourceTree = "<group>"; };
		223B322C186902DC00A30749 /* en */ = {isa = PBXFileReference; lastKnownFileType = text.plist.strings; name = en; path = en.lproj/InfoPlist.strings; sourceTree = "<group>"; };
		223B322E186902DC00A30749 /* Iircutils_Tests.m */ = {isa = PBXFileReference; lastKnownFileType = sourcecode.c.objc; path = Iircutils_Tests.m; sourceTree = "<group>"; };
		223B3230186902DC00A30749 /* Iircutils Tests-Prefix.pch */ = {isa = PBXFileReference; lastKnownFileType = sourcecode.c.h; path = "Iircutils Tests-Prefix.pch"; sourceTree = "<group>"; };
		223B32361869032C00A30749 /* ConnectionTest.m */ = {isa = PBXFileReference; fileEncoding = 4; lastKnownFileType = sourcecode.c.objc; path = ConnectionTest.m; sourceTree = "<group>"; };
		22638319186F74C200400F2D /* SimpleClientTest.m */ = {isa = PBXFileReference; fileEncoding = 4; lastKnownFileType = sourcecode.c.objc; path = SimpleClientTest.m; sourceTree = "<group>"; };
		22B59F3518779A9F00AE6479 /* NSString+Utils.h */ = {isa = PBXFileReference; fileEncoding = 4; lastKnownFileType = sourcecode.c.h; name = "NSString+Utils.h"; path = "Categories/NSString+Utils.h"; sourceTree = "<group>"; };
		22B59F3618779A9F00AE6479 /* NSString+Utils.m */ = {isa = PBXFileReference; fileEncoding = 4; lastKnownFileType = sourcecode.c.objc; name = "NSString+Utils.m"; path = "Categories/NSString+Utils.m"; sourceTree = "<group>"; };
		4749C72617E5176700EE09A1 /* CFNetwork.framework */ = {isa = PBXFileReference; lastKnownFileType = wrapper.framework; name = CFNetwork.framework; path = System/Library/Frameworks/CFNetwork.framework; sourceTree = SDKROOT; };
		4749C73517E51DC600EE09A1 /* SenTestingKit.framework */ = {isa = PBXFileReference; lastKnownFileType = wrapper.framework; name = SenTestingKit.framework; path = Library/Frameworks/SenTestingKit.framework; sourceTree = DEVELOPER_DIR; };
		4749C73717E51F4900EE09A1 /* IRCData.m */ = {isa = PBXFileReference; fileEncoding = 4; lastKnownFileType = sourcecode.c.objc; name = IRCData.m; path = Models/IRCData.m; sourceTree = "<group>"; };
		4749C73817E51F4900EE09A1 /* IRCData.h */ = {isa = PBXFileReference; fileEncoding = 4; lastKnownFileType = sourcecode.c.h; name = IRCData.h; path = Models/IRCData.h; sourceTree = "<group>"; };
		4749C73B17E5409500EE09A1 /* EventListener.h */ = {isa = PBXFileReference; fileEncoding = 4; lastKnownFileType = sourcecode.c.h; name = EventListener.h; path = Handlers/EventListener/EventListener.h; sourceTree = "<group>"; };
		4749C73C17E5409500EE09A1 /* EventListener.m */ = {isa = PBXFileReference; fileEncoding = 4; lastKnownFileType = sourcecode.c.objc; name = EventListener.m; path = Handlers/EventListener/EventListener.m; sourceTree = "<group>"; };
		4749C73E17E540CE00EE09A1 /* MessageListener.h */ = {isa = PBXFileReference; fileEncoding = 4; lastKnownFileType = sourcecode.c.h; name = MessageListener.h; path = Handlers/MessageListener/MessageListener.h; sourceTree = "<group>"; };
		4749C73F17E540CE00EE09A1 /* MessageListener.m */ = {isa = PBXFileReference; fileEncoding = 4; lastKnownFileType = sourcecode.c.objc; name = MessageListener.m; path = Handlers/MessageListener/MessageListener.m; sourceTree = "<group>"; };
		4749C74417E5414400EE09A1 /* CTCPListener.h */ = {isa = PBXFileReference; fileEncoding = 4; lastKnownFileType = sourcecode.c.h; name = CTCPListener.h; path = Handlers/CTCPListener/CTCPListener.h; sourceTree = "<group>"; };
		4749C74517E5414400EE09A1 /* CTCPListener.m */ = {isa = PBXFileReference; fileEncoding = 4; lastKnownFileType = sourcecode.c.objc; name = CTCPListener.m; path = Handlers/CTCPListener/CTCPListener.m; sourceTree = "<group>"; };
		4749C74717E5416B00EE09A1 /* ReplyListener.h */ = {isa = PBXFileReference; fileEncoding = 4; lastKnownFileType = sourcecode.c.h; name = ReplyListener.h; path = Handlers/ReplyListener/ReplyListener.h; sourceTree = "<group>"; };
		4749C74817E5416B00EE09A1 /* ReplyListener.m */ = {isa = PBXFileReference; fileEncoding = 4; lastKnownFileType = sourcecode.c.objc; name = ReplyListener.m; path = Handlers/ReplyListener/ReplyListener.m; sourceTree = "<group>"; };
		474BA96217E4243F003C42CF /* libIircutils.a */ = {isa = PBXFileReference; explicitFileType = archive.ar; includeInIndex = 0; path = libIircutils.a; sourceTree = BUILT_PRODUCTS_DIR; };
		474BA96517E4243F003C42CF /* Foundation.framework */ = {isa = PBXFileReference; lastKnownFileType = wrapper.framework; name = Foundation.framework; path = System/Library/Frameworks/Foundation.framework; sourceTree = SDKROOT; };
		474BA96917E4243F003C42CF /* Iircutils-Prefix.pch */ = {isa = PBXFileReference; lastKnownFileType = sourcecode.c.h; path = "Iircutils-Prefix.pch"; sourceTree = "<group>"; };
		474BA96A17E4243F003C42CF /* Iircutils.h */ = {isa = PBXFileReference; lastKnownFileType = sourcecode.c.h; path = Iircutils.h; sourceTree = "<group>"; };
		474BA96C17E4243F003C42CF /* Iircutils.m */ = {isa = PBXFileReference; lastKnownFileType = sourcecode.c.objc; path = Iircutils.m; sourceTree = "<group>"; };
		474BA98C17E42717003C42CF /* Connection.h */ = {isa = PBXFileReference; fileEncoding = 4; lastKnownFileType = sourcecode.c.h; path = Connection.h; sourceTree = "<group>"; };
		474BA98D17E42717003C42CF /* Connection.m */ = {isa = PBXFileReference; fileEncoding = 4; lastKnownFileType = sourcecode.c.objc; path = Connection.m; sourceTree = "<group>"; };
		474BA98E17E42717003C42CF /* CTCP.h */ = {isa = PBXFileReference; fileEncoding = 4; lastKnownFileType = sourcecode.c.h; path = CTCP.h; sourceTree = "<group>"; };
		474BA98F17E42717003C42CF /* CTCP.m */ = {isa = PBXFileReference; fileEncoding = 4; lastKnownFileType = sourcecode.c.objc; path = CTCP.m; sourceTree = "<group>"; };
		474BA99217E42717003C42CF /* Format.h */ = {isa = PBXFileReference; fileEncoding = 4; lastKnownFileType = sourcecode.c.h; path = Format.h; sourceTree = "<group>"; };
		474BA99317E42717003C42CF /* Format.m */ = {isa = PBXFileReference; fileEncoding = 4; lastKnownFileType = sourcecode.c.objc; path = Format.m; sourceTree = "<group>"; };
		474BA99417E42717003C42CF /* Protocol.h */ = {isa = PBXFileReference; fileEncoding = 4; lastKnownFileType = sourcecode.c.h; path = Protocol.h; sourceTree = "<group>"; };
		474BA99517E42717003C42CF /* Protocol.m */ = {isa = PBXFileReference; fileEncoding = 4; lastKnownFileType = sourcecode.c.objc; path = Protocol.m; sourceTree = "<group>"; };
		474BA99617E42717003C42CF /* Response.h */ = {isa = PBXFileReference; fileEncoding = 4; lastKnownFileType = sourcecode.c.h; path = Response.h; sourceTree = "<group>"; };
		474BA99717E42717003C42CF /* Response.m */ = {isa = PBXFileReference; fileEncoding = 4; lastKnownFileType = sourcecode.c.objc; path = Response.m; sourceTree = "<group>"; };
		474BA99F17E4271E003C42CF /* SimpleBot.h */ = {isa = PBXFileReference; fileEncoding = 4; lastKnownFileType = sourcecode.c.h; path = SimpleBot.h; sourceTree = "<group>"; };
		474BA9A017E4271E003C42CF /* SimpleBot.m */ = {isa = PBXFileReference; fileEncoding = 4; lastKnownFileType = sourcecode.c.objc; path = SimpleBot.m; sourceTree = "<group>"; };
		474BA9A117E4271E003C42CF /* SimpleClient.h */ = {isa = PBXFileReference; fileEncoding = 4; lastKnownFileType = sourcecode.c.h; path = SimpleClient.h; sourceTree = "<group>"; };
		474BA9A217E4271E003C42CF /* SimpleClient.m */ = {isa = PBXFileReference; fileEncoding = 4; lastKnownFileType = sourcecode.c.objc; path = SimpleClient.m; sourceTree = "<group>"; };
		47A9012417E8046000EBE6A3 /* UIKit.framework */ = {isa = PBXFileReference; lastKnownFileType = wrapper.framework; name = UIKit.framework; path = System/Library/Frameworks/UIKit.framework; sourceTree = SDKROOT; };
/* End PBXFileReference section */

/* Begin PBXFrameworksBuildPhase section */
		223B3221186902DC00A30749 /* Frameworks */ = {
			isa = PBXFrameworksBuildPhase;
			buildActionMask = 2147483647;
			files = (
				223B3225186902DC00A30749 /* XCTest.framework in Frameworks */,
				223B3227186902DC00A30749 /* UIKit.framework in Frameworks */,
				223B3226186902DC00A30749 /* Foundation.framework in Frameworks */,
			);
			runOnlyForDeploymentPostprocessing = 0;
		};
		474BA95F17E4243F003C42CF /* Frameworks */ = {
			isa = PBXFrameworksBuildPhase;
			buildActionMask = 2147483647;
			files = (
				223B321D1869019100A30749 /* XCTest.framework in Frameworks */,
				4749C73617E51DC600EE09A1 /* SenTestingKit.framework in Frameworks */,
				4749C72717E5176700EE09A1 /* CFNetwork.framework in Frameworks */,
				474BA96617E4243F003C42CF /* Foundation.framework in Frameworks */,
			);
			runOnlyForDeploymentPostprocessing = 0;
		};
/* End PBXFrameworksBuildPhase section */

/* Begin PBXGroup section */
		2209CF23187F38810023FBF4 /* AsyncSocket */ = {
			isa = PBXGroup;
			children = (
				2209CF24187F388D0023FBF4 /* AsyncSocket.h */,
				2209CF25187F388D0023FBF4 /* AsyncSocket.m */,
				2209CF26187F388D0023FBF4 /* AsyncUdpSocket.h */,
				2209CF27187F388D0023FBF4 /* AsyncUdpSocket.m */,
				2209CF28187F388D0023FBF4 /* GCDAsyncSocket.h */,
				2209CF29187F388D0023FBF4 /* GCDAsyncSocket.m */,
				2209CF2A187F388D0023FBF4 /* GCDAsyncUdpSocket.h */,
				2209CF2B187F388D0023FBF4 /* GCDAsyncUdpSocket.m */,
			);
			name = AsyncSocket;
			sourceTree = "<group>";
		};
		223B3228186902DC00A30749 /* Iircutils Tests */ = {
			isa = PBXGroup;
			children = (
				223B32361869032C00A30749 /* ConnectionTest.m */,
				223B322E186902DC00A30749 /* Iircutils_Tests.m */,
				22638319186F74C200400F2D /* SimpleClientTest.m */,
				223B3229186902DC00A30749 /* Supporting Files */,
			);
			path = "Iircutils Tests";
			sourceTree = "<group>";
		};
		223B3229186902DC00A30749 /* Supporting Files */ = {
			isa = PBXGroup;
			children = (
				223B322A186902DC00A30749 /* Iircutils Tests-Info.plist */,
				223B322B186902DC00A30749 /* InfoPlist.strings */,
				223B3230186902DC00A30749 /* Iircutils Tests-Prefix.pch */,
			);
			name = "Supporting Files";
			sourceTree = "<group>";
		};
		22B59F3418779A7300AE6479 /* Categories */ = {
			isa = PBXGroup;
			children = (
				22B59F3518779A9F00AE6479 /* NSString+Utils.h */,
				22B59F3618779A9F00AE6479 /* NSString+Utils.m */,
			);
			name = Categories;
			sourceTree = "<group>";
		};
		4749C72D17E51D1100EE09A1 /* Models */ = {
			isa = PBXGroup;
			children = (
				2209CF30187F389B0023FBF4 /* Channel.h */,
				2209CF31187F389B0023FBF4 /* Channel.m */,
				2209CF32187F389B0023FBF4 /* Event.h */,
				2209CF33187F389B0023FBF4 /* Event.m */,
				474BA96A17E4243F003C42CF /* Iircutils.h */,
				474BA96C17E4243F003C42CF /* Iircutils.m */,
				4749C73817E51F4900EE09A1 /* IRCData.h */,
				4749C73717E51F4900EE09A1 /* IRCData.m */,
			);
			name = Models;
			sourceTree = "<group>";
		};
		4749C73A17E5407300EE09A1 /* Handlers */ = {
			isa = PBXGroup;
			children = (
				4749C73B17E5409500EE09A1 /* EventListener.h */,
				4749C73C17E5409500EE09A1 /* EventListener.m */,
				4749C73E17E540CE00EE09A1 /* MessageListener.h */,
				4749C73F17E540CE00EE09A1 /* MessageListener.m */,
				4749C74417E5414400EE09A1 /* CTCPListener.h */,
				4749C74517E5414400EE09A1 /* CTCPListener.m */,
				4749C74717E5416B00EE09A1 /* ReplyListener.h */,
				4749C74817E5416B00EE09A1 /* ReplyListener.m */,
				223B32021868B56900A30749 /* EventDispatcher.h */,
				223B32031868B56900A30749 /* EventDispatcher.m */,
			);
			name = Handlers;
			sourceTree = "<group>";
		};
		474BA95917E4243F003C42CF = {
			isa = PBXGroup;
			children = (
				474BA96717E4243F003C42CF /* Iircutils */,
				223B3228186902DC00A30749 /* Iircutils Tests */,
				474BA96417E4243F003C42CF /* Frameworks */,
				474BA96317E4243F003C42CF /* Products */,
			);
			sourceTree = "<group>";
		};
		474BA96317E4243F003C42CF /* Products */ = {
			isa = PBXGroup;
			children = (
				474BA96217E4243F003C42CF /* libIircutils.a */,
				223B3224186902DC00A30749 /* Iircutils Tests.xctest */,
			);
			name = Products;
			sourceTree = "<group>";
		};
		474BA96417E4243F003C42CF /* Frameworks */ = {
			isa = PBXGroup;
			children = (
				223B321C1869019100A30749 /* XCTest.framework */,
				4749C73517E51DC600EE09A1 /* SenTestingKit.framework */,
				4749C72617E5176700EE09A1 /* CFNetwork.framework */,
				474BA96517E4243F003C42CF /* Foundation.framework */,
				47A9012417E8046000EBE6A3 /* UIKit.framework */,
			);
			name = Frameworks;
			sourceTree = "<group>";
		};
		474BA96717E4243F003C42CF /* Iircutils */ = {
			isa = PBXGroup;
			children = (
				2209CF23187F38810023FBF4 /* AsyncSocket */,
				22B59F3418779A7300AE6479 /* Categories */,
				4749C73A17E5407300EE09A1 /* Handlers */,
				4749C72D17E51D1100EE09A1 /* Models */,
				474BA99E17E4271E003C42CF /* interface */,
				474BA98B17E42717003C42CF /* Core */,
				474BA96817E4243F003C42CF /* Supporting Files */,
			);
			path = Iircutils;
			sourceTree = "<group>";
		};
		474BA96817E4243F003C42CF /* Supporting Files */ = {
			isa = PBXGroup;
			children = (
				474BA96917E4243F003C42CF /* Iircutils-Prefix.pch */,
			);
			name = "Supporting Files";
			sourceTree = "<group>";
		};
		474BA98B17E42717003C42CF /* Core */ = {
			isa = PBXGroup;
			children = (
				474BA98C17E42717003C42CF /* Connection.h */,
				474BA98D17E42717003C42CF /* Connection.m */,
				474BA98E17E42717003C42CF /* CTCP.h */,
				474BA98F17E42717003C42CF /* CTCP.m */,
				474BA99217E42717003C42CF /* Format.h */,
				474BA99317E42717003C42CF /* Format.m */,
				474BA99417E42717003C42CF /* Protocol.h */,
				474BA99517E42717003C42CF /* Protocol.m */,
				474BA99617E42717003C42CF /* Response.h */,
				474BA99717E42717003C42CF /* Response.m */,
			);
			path = Core;
			sourceTree = "<group>";
		};
		474BA99E17E4271E003C42CF /* interface */ = {
			isa = PBXGroup;
			children = (
				474BA99F17E4271E003C42CF /* SimpleBot.h */,
				474BA9A017E4271E003C42CF /* SimpleBot.m */,
				474BA9A117E4271E003C42CF /* SimpleClient.h */,
				474BA9A217E4271E003C42CF /* SimpleClient.m */,
			);
			name = interface;
			path = Interface;
			sourceTree = "<group>";
		};
/* End PBXGroup section */

/* Begin PBXNativeTarget section */
		223B3223186902DC00A30749 /* Iircutils Tests */ = {
			isa = PBXNativeTarget;
			buildConfigurationList = 223B3233186902DC00A30749 /* Build configuration list for PBXNativeTarget "Iircutils Tests" */;
			buildPhases = (
				223B3220186902DC00A30749 /* Sources */,
				223B3221186902DC00A30749 /* Frameworks */,
				223B3222186902DC00A30749 /* Resources */,
			);
			buildRules = (
			);
			dependencies = (
				223B3232186902DC00A30749 /* PBXTargetDependency */,
			);
			name = "Iircutils Tests";
			productName = "Iircutils Tests";
			productReference = 223B3224186902DC00A30749 /* Iircutils Tests.xctest */;
			productType = "com.apple.product-type.bundle.unit-test";
		};
		474BA96117E4243F003C42CF /* Iircutils */ = {
			isa = PBXNativeTarget;
			buildConfigurationList = 474BA97017E4243F003C42CF /* Build configuration list for PBXNativeTarget "Iircutils" */;
			buildPhases = (
				474BA95E17E4243F003C42CF /* Sources */,
				474BA95F17E4243F003C42CF /* Frameworks */,
				474BA96017E4243F003C42CF /* CopyFiles */,
			);
			buildRules = (
			);
			dependencies = (
			);
			name = Iircutils;
			productName = Iircutils;
			productReference = 474BA96217E4243F003C42CF /* libIircutils.a */;
			productType = "com.apple.product-type.library.static";
		};
/* End PBXNativeTarget section */

/* Begin PBXProject section */
		474BA95A17E4243F003C42CF /* Project object */ = {
			isa = PBXProject;
			attributes = {
				LastUpgradeCheck = 0460;
				ORGANIZATIONNAME = Realfree;
				TargetAttributes = {
					223B3223186902DC00A30749 = {
						TestTargetID = 474BA96117E4243F003C42CF;
					};
				};
			};
			buildConfigurationList = 474BA95D17E4243F003C42CF /* Build configuration list for PBXProject "Iircutils" */;
			compatibilityVersion = "Xcode 3.2";
			developmentRegion = English;
			hasScannedForEncodings = 0;
			knownRegions = (
				en,
			);
			mainGroup = 474BA95917E4243F003C42CF;
			productRefGroup = 474BA96317E4243F003C42CF /* Products */;
			projectDirPath = "";
			projectRoot = "";
			targets = (
				474BA96117E4243F003C42CF /* Iircutils */,
				223B3223186902DC00A30749 /* Iircutils Tests */,
			);
		};
/* End PBXProject section */

/* Begin PBXResourcesBuildPhase section */
		223B3222186902DC00A30749 /* Resources */ = {
			isa = PBXResourcesBuildPhase;
			buildActionMask = 2147483647;
			files = (
				223B322D186902DC00A30749 /* InfoPlist.strings in Resources */,
			);
			runOnlyForDeploymentPostprocessing = 0;
		};
/* End PBXResourcesBuildPhase section */

/* Begin PBXSourcesBuildPhase section */
		223B3220186902DC00A30749 /* Sources */ = {
			isa = PBXSourcesBuildPhase;
			buildActionMask = 2147483647;
			files = (
				226BE965186CD5AC006B91B3 /* IRCData.m in Sources */,
				226BE964186CD59D006B91B3 /* Protocol.m in Sources */,
				226BE962186CD551006B91B3 /* Connection.m in Sources */,
				223B322F186902DC00A30749 /* Iircutils_Tests.m in Sources */,
				223B32371869032C00A30749 /* ConnectionTest.m in Sources */,
				2263831A186F74C200400F2D /* SimpleClientTest.m in Sources */,
			);
			runOnlyForDeploymentPostprocessing = 0;
		};
		474BA95E17E4243F003C42CF /* Sources */ = {
			isa = PBXSourcesBuildPhase;
			buildActionMask = 2147483647;
			files = (
				474BA96D17E4243F003C42CF /* Iircutils.m in Sources */,
				474BA99817E42717003C42CF /* Connection.m in Sources */,
				474BA99917E42717003C42CF /* CTCP.m in Sources */,
				474BA99B17E42717003C42CF /* Format.m in Sources */,
				474BA99C17E42717003C42CF /* Protocol.m in Sources */,
				474BA99D17E42717003C42CF /* Response.m in Sources */,
				2209CF35187F389B0023FBF4 /* Event.m in Sources */,
				2209CF2E187F388D0023FBF4 /* GCDAsyncSocket.m in Sources */,
				474BA9A317E4271E003C42CF /* SimpleBot.m in Sources */,
				223B32041868B56900A30749 /* EventDispatcher.m in Sources */,
				474BA9A417E4271E003C42CF /* SimpleClient.m in Sources */,
				4749C73917E51F4900EE09A1 /* IRCData.m in Sources */,
				2209CF2F187F388D0023FBF4 /* GCDAsyncUdpSocket.m in Sources */,
				4749C73D17E5409500EE09A1 /* EventListener.m in Sources */,
				2209CF34187F389B0023FBF4 /* Channel.m in Sources */,
				22B59F3718779A9F00AE6479 /* NSString+Utils.m in Sources */,
				4749C74017E540CE00EE09A1 /* MessageListener.m in Sources */,
				4749C74617E5414400EE09A1 /* CTCPListener.m in Sources */,
				4749C74917E5416B00EE09A1 /* ReplyListener.m in Sources */,
				2209CF2D187F388D0023FBF4 /* AsyncUdpSocket.m in Sources */,
				2209CF2C187F388D0023FBF4 /* AsyncSocket.m in Sources */,
			);
			runOnlyForDeploymentPostprocessing = 0;
		};
/* End PBXSourcesBuildPhase section */

/* Begin PBXTargetDependency section */
		223B3232186902DC00A30749 /* PBXTargetDependency */ = {
			isa = PBXTargetDependency;
			target = 474BA96117E4243F003C42CF /* Iircutils */;
			targetProxy = 223B3231186902DC00A30749 /* PBXContainerItemProxy */;
		};
/* End PBXTargetDependency section */

/* Begin PBXVariantGroup section */
		223B322B186902DC00A30749 /* InfoPlist.strings */ = {
			isa = PBXVariantGroup;
			children = (
				223B322C186902DC00A30749 /* en */,
			);
			name = InfoPlist.strings;
			sourceTree = "<group>";
		};
/* End PBXVariantGroup section */

/* Begin XCBuildConfiguration section */
		223B3234186902DC00A30749 /* Debug */ = {
			isa = XCBuildConfiguration;
			buildSettings = {
				ARCHS = "$(ARCHS_STANDARD_INCLUDING_64_BIT)";
				CLANG_ENABLE_MODULES = YES;
				CLANG_WARN_BOOL_CONVERSION = YES;
				CLANG_WARN_DIRECT_OBJC_ISA_USAGE = YES_ERROR;
				CLANG_WARN_OBJC_ROOT_CLASS = YES_ERROR;
				FRAMEWORK_SEARCH_PATHS = (
					"$(SDKROOT)/Developer/Library/Frameworks",
					"$(inherited)",
					"$(DEVELOPER_FRAMEWORKS_DIR)",
				);
				GCC_PRECOMPILE_PREFIX_HEADER = YES;
				GCC_PREFIX_HEADER = "Iircutils Tests/Iircutils Tests-Prefix.pch";
				GCC_PREPROCESSOR_DEFINITIONS = (
					"DEBUG=1",
					"$(inherited)",
				);
				GCC_WARN_64_TO_32_BIT_CONVERSION = YES;
				GCC_WARN_ABOUT_RETURN_TYPE = YES_ERROR;
				GCC_WARN_UNDECLARED_SELECTOR = YES;
				GCC_WARN_UNUSED_FUNCTION = YES;
				INFOPLIST_FILE = "Iircutils Tests/Iircutils Tests-Info.plist";
				IPHONEOS_DEPLOYMENT_TARGET = 7.0;
				PRODUCT_NAME = "$(TARGET_NAME)";
				WRAPPER_EXTENSION = xctest;
			};
			name = Debug;
		};
		223B3235186902DC00A30749 /* Release */ = {
			isa = XCBuildConfiguration;
			buildSettings = {
				ARCHS = "$(ARCHS_STANDARD_INCLUDING_64_BIT)";
				CLANG_ENABLE_MODULES = YES;
				CLANG_WARN_BOOL_CONVERSION = YES;
				CLANG_WARN_DIRECT_OBJC_ISA_USAGE = YES_ERROR;
				CLANG_WARN_OBJC_ROOT_CLASS = YES_ERROR;
				ENABLE_NS_ASSERTIONS = NO;
				FRAMEWORK_SEARCH_PATHS = (
					"$(SDKROOT)/Developer/Library/Frameworks",
					"$(inherited)",
					"$(DEVELOPER_FRAMEWORKS_DIR)",
				);
				GCC_PRECOMPILE_PREFIX_HEADER = YES;
				GCC_PREFIX_HEADER = "Iircutils Tests/Iircutils Tests-Prefix.pch";
				GCC_WARN_64_TO_32_BIT_CONVERSION = YES;
				GCC_WARN_ABOUT_RETURN_TYPE = YES_ERROR;
				GCC_WARN_UNDECLARED_SELECTOR = YES;
				GCC_WARN_UNUSED_FUNCTION = YES;
				INFOPLIST_FILE = "Iircutils Tests/Iircutils Tests-Info.plist";
				IPHONEOS_DEPLOYMENT_TARGET = 7.0;
				PRODUCT_NAME = "$(TARGET_NAME)";
				WRAPPER_EXTENSION = xctest;
			};
			name = Release;
		};
		474BA96E17E4243F003C42CF /* Debug */ = {
			isa = XCBuildConfiguration;
			buildSettings = {
				ALWAYS_SEARCH_USER_PATHS = NO;
				CLANG_CXX_LANGUAGE_STANDARD = "gnu++0x";
				CLANG_CXX_LIBRARY = "libc++";
				CLANG_ENABLE_OBJC_ARC = YES;
				CLANG_WARN_CONSTANT_CONVERSION = YES;
				CLANG_WARN_EMPTY_BODY = YES;
				CLANG_WARN_ENUM_CONVERSION = YES;
				CLANG_WARN_INT_CONVERSION = YES;
				CLANG_WARN__DUPLICATE_METHOD_MATCH = YES;
				COPY_PHASE_STRIP = NO;
				GCC_C_LANGUAGE_STANDARD = gnu99;
				GCC_DYNAMIC_NO_PIC = NO;
				GCC_OPTIMIZATION_LEVEL = 0;
				GCC_PREPROCESSOR_DEFINITIONS = (
					"DEBUG=1",
					"$(inherited)",
				);
				GCC_SYMBOLS_PRIVATE_EXTERN = NO;
				GCC_WARN_ABOUT_RETURN_TYPE = YES;
				GCC_WARN_UNINITIALIZED_AUTOS = YES;
				GCC_WARN_UNUSED_VARIABLE = YES;
				IPHONEOS_DEPLOYMENT_TARGET = 5.1;
				ONLY_ACTIVE_ARCH = YES;
				SDKROOT = iphoneos;
			};
			name = Debug;
		};
		474BA96F17E4243F003C42CF /* Release */ = {
			isa = XCBuildConfiguration;
			buildSettings = {
				ALWAYS_SEARCH_USER_PATHS = NO;
				CLANG_CXX_LANGUAGE_STANDARD = "gnu++0x";
				CLANG_CXX_LIBRARY = "libc++";
				CLANG_ENABLE_OBJC_ARC = YES;
				CLANG_WARN_CONSTANT_CONVERSION = YES;
				CLANG_WARN_EMPTY_BODY = YES;
				CLANG_WARN_ENUM_CONVERSION = YES;
				CLANG_WARN_INT_CONVERSION = YES;
				CLANG_WARN__DUPLICATE_METHOD_MATCH = YES;
				COPY_PHASE_STRIP = YES;
				GCC_C_LANGUAGE_STANDARD = gnu99;
				GCC_WARN_ABOUT_RETURN_TYPE = YES;
				GCC_WARN_UNINITIALIZED_AUTOS = YES;
				GCC_WARN_UNUSED_VARIABLE = YES;
				IPHONEOS_DEPLOYMENT_TARGET = 5.1;
				SDKROOT = iphoneos;
				VALIDATE_PRODUCT = YES;
			};
			name = Release;
		};
		474BA97117E4243F003C42CF /* Debug */ = {
			isa = XCBuildConfiguration;
			buildSettings = {
				DSTROOT = /tmp/Iircutils.dst;
				FRAMEWORK_SEARCH_PATHS = (
					"$(inherited)",
					"\\\"$(SYSTEM_APPS_DIR)/Xcode.app/Contents/Developer/Library/Frameworks\\\"",
					"$(DEVELOPER_FRAMEWORKS_DIR)",
				);
				GCC_PRECOMPILE_PREFIX_HEADER = YES;
				GCC_PREFIX_HEADER = "Iircutils/Iircutils-Prefix.pch";
				OTHER_LDFLAGS = "-ObjC";
				PRODUCT_NAME = "$(TARGET_NAME)";
				SKIP_INSTALL = YES;
			};
			name = Debug;
		};
		474BA97217E4243F003C42CF /* Release */ = {
			isa = XCBuildConfiguration;
			buildSettings = {
				DSTROOT = /tmp/Iircutils.dst;
				FRAMEWORK_SEARCH_PATHS = (
					"$(inherited)",
					"\\\"$(SYSTEM_APPS_DIR)/Xcode.app/Contents/Developer/Library/Frameworks\\\"",
					"$(DEVELOPER_FRAMEWORKS_DIR)",
				);
				GCC_PRECOMPILE_PREFIX_HEADER = YES;
				GCC_PREFIX_HEADER = "Iircutils/Iircutils-Prefix.pch";
				OTHER_LDFLAGS = "-ObjC";
				PRODUCT_NAME = "$(TARGET_NAME)";
				SKIP_INSTALL = YES;
			};
			name = Release;
		};
/* End XCBuildConfiguration section */

/* Begin XCConfigurationList section */
		223B3233186902DC00A30749 /* Build configuration list for PBXNativeTarget "Iircutils Tests" */ = {
			isa = XCConfigurationList;
			buildConfigurations = (
				223B3234186902DC00A30749 /* Debug */,
				223B3235186902DC00A30749 /* Release */,
			);
			defaultConfigurationIsVisible = 0;
			defaultConfigurationName = Release;
		};
		474BA95D17E4243F003C42CF /* Build configuration list for PBXProject "Iircutils" */ = {
			isa = XCConfigurationList;
			buildConfigurations = (
				474BA96E17E4243F003C42CF /* Debug */,
				474BA96F17E4243F003C42CF /* Release */,
			);
			defaultConfigurationIsVisible = 0;
			defaultConfigurationName = Release;
		};
		474BA97017E4243F003C42CF /* Build configuration list for PBXNativeTarget "Iircutils" */ = {
			isa = XCConfigurationList;
			buildConfigurations = (
				474BA97117E4243F003C42CF /* Debug */,
				474BA97217E4243F003C42CF /* Release */,
			);
			defaultConfigurationIsVisible = 0;
			defaultConfigurationName = Release;
		};
/* End XCConfigurationList section */
	};
	rootObject = 474BA95A17E4243F003C42CF /* Project object */;
}
